
Microsoft Visual Studio Solution File, Format Version 12.00
# Visual Studio Version 17
VisualStudioVersion = 17.8.34330.188
MinimumVisualStudioVersion = 10.0.40219.1
Project("{FAE04EC0-301F-11D3-BF4B-00C04F79EFBC}") = "ExpressionTree", "ExpressionTree\ExpressionTree.csproj", "{4BF99CC6-DF60-44F6-A40E-49732D94EB90}"
EndProject
Project("{FAE04EC0-301F-11D3-BF4B-00C04F79EFBC}") = "BinaryTreeTraversal", "BinaryTreeTraversal\BinaryTreeTraversal.csproj", "{44DEDDB1-EE6C-4BC3-A05A-F7C5C6072E6F}"
EndProject
Global
	GlobalSection(SolutionConfigurationPlatforms) = preSolution
		Debug|Any CPU = Debug|Any CPU
		Release|Any CPU = Release|Any CPU
	EndGlobalSection
	GlobalSection(ProjectConfigurationPlatforms) = postSolution
		{4BF99CC6-DF60-44F6-A40E-49732D94EB90}.Debug|Any CPU.ActiveCfg = Debug|Any CPU
		{4BF99CC6-DF60-44F6-A40E-49732D94EB90}.Debug|Any CPU.Build.0 = Debug|Any CPU
		{4BF99CC6-DF60-44F6-A40E-49732D94EB90}.Release|Any CPU.ActiveCfg = Release|Any CPU
		{4BF99CC6-DF60-44F6-A40E-49732D94EB90}.Release|Any CPU.Build.0 = Release|Any CPU
		{44DEDDB1-EE6C-4BC3-A05A-F7C5C6072E6F}.Debug|Any CPU.ActiveCfg = Debug|Any CPU
		{44DEDDB1-EE6C-4BC3-A05A-F7C5C6072E6F}.Debug|Any CPU.Build.0 = Debug|Any CPU
		{44DEDDB1-EE6C-4BC3-A05A-F7C5C6072E6F}.Release|Any CPU.ActiveCfg = Release|Any CPU
		{44DEDDB1-EE6C-4BC3-A05A-F7C5C6072E6F}.Release|Any CPU.Build.0 = Release|Any CPU
	EndGlobalSection
	GlobalSection(SolutionProperties) = preSolution
		HideSolutionNode = FALSE
	EndGlobalSection
	GlobalSection(ExtensibilityGlobals) = postSolution
		SolutionGuid = {A905C646-651E-4019-921A-27F54B2C9674}
	EndGlobalSection
EndGlobal
